<?xml version="1.0" encoding="UTF-8"?>
<Project ToolsVersion="14.0" xmlns="http://schemas.microsoft.com/developer/msbuild/2003">
  <ItemGroup>
    <CustomBuild Include="C:\Users\nathaniel.blair\Documents\GitHub\open_gl_tutorial\YearTwoOpenGLProject\OpenGLEngine\CMakeLists.txt">
      <Filter>Base</Filter>
    </CustomBuild>
  </ItemGroup>
  <ItemGroup>
    <Filter Include="Base">
      <UniqueIdentifier>{7A667127-2267-3F2B-BA66-79FD312E5810}</UniqueIdentifier>
    </Filter>
  </ItemGroup>
</Project>
