<?xml version="1.0" encoding="UTF-8"?>
<Project ToolsVersion="14.0" xmlns="http://schemas.microsoft.com/developer/msbuild/2003">
  <ItemGroup>
    <ClCompile Include="C:\Users\nathaniel.blair\Documents\GitHub\open_gl_tutorial\YearTwoOpenGLProject\OpenGLEngine\src\Application.cpp">
      <Filter>Base</Filter>
    </ClCompile>
    <ClCompile Include="C:\Users\nathaniel.blair\Documents\GitHub\open_gl_tutorial\YearTwoOpenGLProject\OpenGLEngine\src\CameraApplication.cpp">
      <Filter>Base</Filter>
    </ClCompile>
    <ClCompile Include="C:\Users\nathaniel.blair\Documents\GitHub\open_gl_tutorial\YearTwoOpenGLProject\OpenGLEngine\src\Cameras\Camera.cpp">
      <Filter>Cameras</Filter>
    </ClCompile>
    <ClCompile Include="C:\Users\nathaniel.blair\Documents\GitHub\open_gl_tutorial\YearTwoOpenGLProject\OpenGLEngine\src\Cameras\FlyCamera.cpp">
      <Filter>Cameras</Filter>
    </ClCompile>
    <ClCompile Include="C:\Users\nathaniel.blair\Documents\GitHub\open_gl_tutorial\YearTwoOpenGLProject\OpenGLEngine\src\gl_core_4_4.c">
      <Filter>Base</Filter>
    </ClCompile>
    <ClCompile Include="C:\Users\nathaniel.blair\Documents\GitHub\open_gl_tutorial\YearTwoOpenGLProject\OpenGLEngine\src\Gizmos.cpp">
      <Filter>Base</Filter>
    </ClCompile>
    <ClCompile Include="C:\Users\nathaniel.blair\Documents\GitHub\open_gl_tutorial\YearTwoOpenGLProject\OpenGLEngine\src\Assets\Asset.cpp">
      <Filter>Assets</Filter>
    </ClCompile>
    <ClCompile Include="C:\Users\nathaniel.blair\Documents\GitHub\open_gl_tutorial\YearTwoOpenGLProject\deps\Utils\memaligned.cpp">
      <Filter>ExtraSources</Filter>
    </ClCompile>
    <ClCompile Include="C:\Users\nathaniel.blair\Documents\GitHub\open_gl_tutorial\YearTwoOpenGLProject\deps\Utils\pow2assert.cpp">
      <Filter>ExtraSources</Filter>
    </ClCompile>
    <ClCompile Include="C:\Users\nathaniel.blair\Documents\GitHub\open_gl_tutorial\YearTwoOpenGLProject\deps\mesh_loaders\FBXFile.cpp">
      <Filter>ExtraSources</Filter>
    </ClCompile>
  </ItemGroup>
  <ItemGroup>
    <ClInclude Include="C:\Users\nathaniel.blair\Documents\GitHub\open_gl_tutorial\YearTwoOpenGLProject\OpenGLEngine\include\Application.h">
      <Filter>Base</Filter>
    </ClInclude>
    <ClInclude Include="C:\Users\nathaniel.blair\Documents\GitHub\open_gl_tutorial\YearTwoOpenGLProject\OpenGLEngine\include\CameraApplication.h">
      <Filter>Base</Filter>
    </ClInclude>
    <ClInclude Include="C:\Users\nathaniel.blair\Documents\GitHub\open_gl_tutorial\YearTwoOpenGLProject\OpenGLEngine\include\Cameras\Camera.h">
      <Filter>Cameras</Filter>
    </ClInclude>
    <ClInclude Include="C:\Users\nathaniel.blair\Documents\GitHub\open_gl_tutorial\YearTwoOpenGLProject\OpenGLEngine\include\Cameras\FlyCamera.h">
      <Filter>Cameras</Filter>
    </ClInclude>
    <ClInclude Include="C:\Users\nathaniel.blair\Documents\GitHub\open_gl_tutorial\YearTwoOpenGLProject\OpenGLEngine\include\gl_core_4_4.h">
      <Filter>Base</Filter>
    </ClInclude>
    <ClInclude Include="C:\Users\nathaniel.blair\Documents\GitHub\open_gl_tutorial\YearTwoOpenGLProject\OpenGLEngine\include\Gizmos.h">
      <Filter>Base</Filter>
    </ClInclude>
    <ClInclude Include="C:\Users\nathaniel.blair\Documents\GitHub\open_gl_tutorial\YearTwoOpenGLProject\OpenGLEngine\include\Assets\TextAsset.h">
      <Filter>Assets</Filter>
    </ClInclude>
    <ClInclude Include="C:\Users\nathaniel.blair\Documents\GitHub\open_gl_tutorial\YearTwoOpenGLProject\OpenGLEngine\include\Assets\Grid.h">
      <Filter>Assets</Filter>
    </ClInclude>
    <ClInclude Include="C:\Users\nathaniel.blair\Documents\GitHub\open_gl_tutorial\YearTwoOpenGLProject\OpenGLEngine\include\Assets\Shader.h">
      <Filter>Assets</Filter>
    </ClInclude>
    <ClInclude Include="C:\Users\nathaniel.blair\Documents\GitHub\open_gl_tutorial\YearTwoOpenGLProject\OpenGLEngine\include\Assets\Asset.h">
      <Filter>Assets</Filter>
    </ClInclude>
    <ClInclude Include="C:\Users\nathaniel.blair\Documents\GitHub\open_gl_tutorial\YearTwoOpenGLProject\OpenGLEngine\include\Assets\Mesh.h">
      <Filter>Assets</Filter>
    </ClInclude>
    <ClInclude Include="C:\Users\nathaniel.blair\Documents\GitHub\open_gl_tutorial\YearTwoOpenGLProject\OpenGLEngine\include\Assets\Texture.h">
      <Filter>Assets</Filter>
    </ClInclude>
    <ClInclude Include="C:\Users\nathaniel.blair\Documents\GitHub\open_gl_tutorial\YearTwoOpenGLProject\OpenGLEngine\include\Assets\Material.h">
      <Filter>Assets</Filter>
    </ClInclude>
    <ClInclude Include="C:\Users\nathaniel.blair\Documents\GitHub\open_gl_tutorial\YearTwoOpenGLProject\OpenGLEngine\include\Rendering\RenderData.h">
      <Filter>Rendering</Filter>
    </ClInclude>
  </ItemGroup>
  <ItemGroup>
    <CustomBuild Include="C:\Users\nathaniel.blair\Documents\GitHub\open_gl_tutorial\YearTwoOpenGLProject\OpenGLEngine\CMakeLists.txt">
      <Filter>Base</Filter>
    </CustomBuild>
  </ItemGroup>
  <ItemGroup>
    <Filter Include="Base">
      <UniqueIdentifier>{7A667127-2267-3F2B-BA66-79FD312E5810}</UniqueIdentifier>
    </Filter>
    <Filter Include="ExtraSources">
      <UniqueIdentifier>{9F0B97B5-AAEA-36B4-95E4-F84CC3FFC534}</UniqueIdentifier>
    </Filter>
    <Filter Include="Assets">
      <UniqueIdentifier>{128D47E5-24CA-3A33-BD9E-6CE014911767}</UniqueIdentifier>
    </Filter>
    <Filter Include="Cameras">
      <UniqueIdentifier>{C4E8E95F-2A24-3132-95F4-F8E7DD2DCF3B}</UniqueIdentifier>
    </Filter>
    <Filter Include="Rendering">
      <UniqueIdentifier>{C734A033-9B7C-37F4-9DAE-1F81B85CD9F8}</UniqueIdentifier>
    </Filter>
  </ItemGroup>
</Project>
