<?xml version="1.0" encoding="UTF-8"?>
<Project ToolsVersion="14.0" xmlns="http://schemas.microsoft.com/developer/msbuild/2003">
  <ItemGroup>
    <ClCompile Include="C:\Users\nathaniel.blair\Documents\GitHub\open_gl_tutorial\YearTwoOpenGLProject\OpenGLEngine\src\Application.cpp">
      <Filter>Base</Filter>
    </ClCompile>
    <ClCompile Include="C:\Users\nathaniel.blair\Documents\GitHub\open_gl_tutorial\YearTwoOpenGLProject\OpenGLEngine\src\CameraApplication.cpp">
      <Filter>Base</Filter>
    </ClCompile>
    <ClCompile Include="C:\Users\nathaniel.blair\Documents\GitHub\open_gl_tutorial\YearTwoOpenGLProject\OpenGLEngine\src\Cameras\Camera.cpp">
      <Filter>Cameras</Filter>
    </ClCompile>
    <ClCompile Include="C:\Users\nathaniel.blair\Documents\GitHub\open_gl_tutorial\YearTwoOpenGLProject\OpenGLEngine\src\Cameras\FlyCamera.cpp">
      <Filter>Cameras</Filter>
    </ClCompile>
    <ClCompile Include="C:\Users\nathaniel.blair\Documents\GitHub\open_gl_tutorial\YearTwoOpenGLProject\OpenGLEngine\src\gl_core_4_4.c">
      <Filter>Base</Filter>
    </ClCompile>
    <ClCompile Include="C:\Users\nathaniel.blair\Documents\GitHub\open_gl_tutorial\YearTwoOpenGLProject\OpenGLEngine\src\Gizmos.cpp">
      <Filter>Base</Filter>
    </ClCompile>
    <ClCompile Include="C:\Users\nathaniel.blair\Documents\GitHub\open_gl_tutorial\YearTwoOpenGLProject\OpenGLEngine\src\Assets\Asset.cpp">
      <Filter>Assets</Filter>
    </ClCompile>
    <ClCompile Include="C:\Users\nathaniel.blair\Documents\GitHub\open_gl_tutorial\YearTwoOpenGLProject\deps\Utils\memaligned.cpp">
      <Filter>ExtraSources</Filter>
    </ClCompile>
    <ClCompile Include="C:\Users\nathaniel.blair\Documents\GitHub\open_gl_tutorial\YearTwoOpenGLProject\deps\Utils\pow2assert.cpp">
      <Filter>ExtraSources</Filter>
    </ClCompile>
    <ClCompile Include="C:\Users\nathaniel.blair\Documents\GitHub\open_gl_tutorial\YearTwoOpenGLProject\deps\mesh_loaders\FBXFile.cpp">
      <Filter>ExtraSources</Filter>
    </ClCompile>
  </ItemGroup>
  <ItemGroup>
    <ClInclude Include="C:\Users\nathaniel.blair\Documents\GitHub\open_gl_tutorial\YearTwoOpenGLProject\OpenGLEngine\include\Application.h">
      <Filter>Base</Filter>
    </ClInclude>
    <ClInclude Include="C:\Users\nathaniel.blair\Documents\GitHub\open_gl_tutorial\YearTwoOpenGLProject\OpenGLEngine\include\CameraApplication.h">
      <Filter>Base</Filter>
    </ClInclude>
    <ClInclude Include="C:\Users\nathaniel.blair\Documents\GitHub\open_gl_tutorial\YearTwoOpenGLProject\OpenGLEngine\include\Cameras\Camera.h">
      <Filter>Cameras</Filter>
    </ClInclude>
    <ClInclude Include="C:\Users\nathaniel.blair\Documents\GitHub\open_gl_tutorial\YearTwoOpenGLProject\OpenGLEngine\include\Cameras\FlyCamera.h">
      <Filter>Cameras</Filter>
    </ClInclude>
    <ClInclude Include="C:\Users\nathaniel.blair\Documents\GitHub\open_gl_tutorial\YearTwoOpenGLProject\OpenGLEngine\include\gl_core_4_4.h">
      <Filter>Base</Filter>
    </ClInclude>
    <ClInclude Include="C:\Users\nathaniel.blair\Documents\GitHub\open_gl_tutorial\YearTwoOpenGLProject\OpenGLEngine\include\Gizmos.h">
      <Filter>Base</Filter>
    </ClInclude>
    <ClInclude Include="C:\Users\nathaniel.blair\Documents\GitHub\open_gl_tutorial\YearTwoOpenGLProject\OpenGLEngine\include\Assets\TextAsset.h">
      <Filter>Assets</Filter>
    </ClInclude>
    <ClInclude Include="C:\Users\nathaniel.blair\Documents\GitHub\open_gl_tutorial\YearTwoOpenGLProject\OpenGLEngine\include\Assets\Grid.h">
      <Filter>Assets</Filter>
    </ClInclude>
    <ClInclude Include="C:\Users\nathaniel.blair\Documents\GitHub\open_gl_tutorial\YearTwoOpenGLProject\OpenGLEngine\include\Assets\Shader.h">
      <Filter>Assets</Filter>
    </ClInclude>
    <ClInclude Include="C:\Users\nathaniel.blair\Documents\GitHub\open_gl_tutorial\YearTwoOpenGLProject\OpenGLEngine\include\Assets\Asset.h">
      <Filter>Assets</Filter>
    </ClInclude>
    <ClInclude Include="C:\Users\nathaniel.blair\Documents\GitHub\open_gl_tutorial\YearTwoOpenGLProject\OpenGLEngine\include\Assets\Mesh.h">
      <Filter>Assets</Filter>
    </ClInclude>
    <ClInclude Include="C:\Users\nathaniel.blair\Documents\GitHub\open_gl_tutorial\YearTwoOpenGLProject\OpenGLEngine\include\Assets\Texture.h">
      <Filter>Assets</Filter>
    </ClInclude>
    <ClInclude Include="C:\Users\nathaniel.blair\Documents\GitHub\open_gl_tutorial\YearTwoOpenGLProject\OpenGLEngine\include\Assets\Material.h">
      <Filter>Assets</Filter>
    </ClInclude>
    <ClInclude Include="C:\Users\nathaniel.blair\Documents\GitHub\open_gl_tutorial\YearTwoOpenGLProject\OpenGLEngine\include\Rendering\RenderData.h">
      <Filter>Rendering</Filter>
    </ClInclude>
  </ItemGroup>
  <ItemGroup>
    <CustomBuild Include="C:\Users\nathaniel.blair\Documents\GitHub\open_gl_tutorial\YearTwoOpenGLProject\OpenGLEngine\CMakeLists.txt">
      <Filter>Base</Filter>
    </CustomBuild>
  </ItemGroup>
  <ItemGroup>
    <Filter Include="Base">
      <UniqueIdentifier>{C967D505-F1B8-368B-847A-3D2A5C02D993}</UniqueIdentifier>
    </Filter>
    <Filter Include="ExtraSources">
      <UniqueIdentifier>{DDC36130-3B42-343F-B412-8B8EEF84A1E3}</UniqueIdentifier>
    </Filter>
    <Filter Include="Assets">
      <UniqueIdentifier>{418F4019-5447-3A11-B599-6B0941D420E8}</UniqueIdentifier>
    </Filter>
    <Filter Include="Cameras">
      <UniqueIdentifier>{23F060DA-DB85-3B14-B80A-0453F0CC8186}</UniqueIdentifier>
    </Filter>
    <Filter Include="Rendering">
      <UniqueIdentifier>{A97C9ACF-7521-3F8E-9B29-FFBA7B579348}</UniqueIdentifier>
    </Filter>
  </ItemGroup>
</Project>
